<?xml version="1.0" encoding="utf-8"?>
<Project ToolsVersion="4.0" xmlns="http://schemas.microsoft.com/developer/msbuild/2003">
  <ItemGroup>
    <Filter Include="Source Files">
      <UniqueIdentifier>{4FC737F1-C7A5-4376-A066-2A32D752A2FF}</UniqueIdentifier>
      <Extensions>cpp;c;cc;cxx;def;odl;idl;hpj;bat;asm;asmx</Extensions>
    </Filter>
    <Filter Include="Header Files">
      <UniqueIdentifier>{93995380-89BD-4b04-88EB-625FBE52EBFB}</UniqueIdentifier>
      <Extensions>h;hh;hpp;hxx;hm;inl;inc;ipp;xsd</Extensions>
    </Filter>
    <Filter Include="Resource Files">
      <UniqueIdentifier>{67DA6AB6-F800-4c08-8B7A-83BB121AAD01}</UniqueIdentifier>
      <Extensions>rc;ico;cur;bmp;dlg;rc2;rct;bin;rgs;gif;jpg;jpeg;jpe;resx;tiff;tif;png;wav;mfcribbon-ms</Extensions>
    </Filter>
    <Filter Include="Header Files\Entities">
      <UniqueIdentifier>{c7350d98-dbbb-40f0-ab11-f16be1c6da1f}</UniqueIdentifier>
    </Filter>
    <Filter Include="Header Files\Components">
      <UniqueIdentifier>{dc90ead7-b18c-4972-8b70-3f7cccd9b1ad}</UniqueIdentifier>
    </Filter>
    <Filter Include="Header Files\Map">
      <UniqueIdentifier>{96702aa9-45a6-4493-adc7-708a802fdb58}</UniqueIdentifier>
    </Filter>
    <Filter Include="Header Files\Map\Dungeon">
      <UniqueIdentifier>{d95370af-2bdb-4cd5-a7f5-026217bb3838}</UniqueIdentifier>
    </Filter>
    <Filter Include="Header Files\Map\Rooms">
      <UniqueIdentifier>{28c3bcdf-2403-4c9f-83d8-f4ebb0125714}</UniqueIdentifier>
    </Filter>
    <Filter Include="Header Files\Algorithms">
      <UniqueIdentifier>{ef182d51-e719-4483-92e7-3c06ebee5ec0}</UniqueIdentifier>
    </Filter>
    <Filter Include="Header Files\Editor">
      <UniqueIdentifier>{3ea89cff-dba1-4f6e-a6ad-3c8742426b2c}</UniqueIdentifier>
    </Filter>
    <Filter Include="Header Files\Entities\Enemies">
      <UniqueIdentifier>{6354ea84-728d-4a8b-8ea3-ebfa33e0f137}</UniqueIdentifier>
    </Filter>
    <Filter Include="Header Files\GUI">
      <UniqueIdentifier>{9374014b-7887-4375-ab28-2ff74bf5b6fb}</UniqueIdentifier>
    </Filter>
    <Filter Include="Header Files\Map\Grid">
      <UniqueIdentifier>{8f300a24-72b8-4e16-b9f6-38370450e6fc}</UniqueIdentifier>
    </Filter>
    <Filter Include="Header Files\Entities\Hero">
      <UniqueIdentifier>{19a4e942-6891-470c-add6-d9da82c60b38}</UniqueIdentifier>
    </Filter>
    <Filter Include="Header Files\PreLoad">
      <UniqueIdentifier>{bd6f34c2-77ae-460a-bbb4-10bf4d3bc16d}</UniqueIdentifier>
    </Filter>
    <Filter Include="Header Files\Items">
      <UniqueIdentifier>{f18e6691-d8f9-4aef-8584-24ffc7f4a423}</UniqueIdentifier>
    </Filter>
    <Filter Include="Header Files\Items\Weapons">
      <UniqueIdentifier>{f6414c92-e4ef-4bb1-8872-9dbb9b0739ae}</UniqueIdentifier>
    </Filter>
    <Filter Include="Header Files\Hitboxes">
      <UniqueIdentifier>{797325ef-a835-48e1-ad67-32e20d1b4178}</UniqueIdentifier>
    </Filter>
    <Filter Include="Header Files\Entities\Tiles">
      <UniqueIdentifier>{c0e7a596-d5c1-4ae5-8ee6-f6d7fb50cf7b}</UniqueIdentifier>
    </Filter>
    <Filter Include="Header Files\Entities\Tiles\Wall">
      <UniqueIdentifier>{197ef7d5-6db3-4405-95f0-22290deb3bbb}</UniqueIdentifier>
    </Filter>
    <Filter Include="Header Files\Entities\Tiles\FLoor">
      <UniqueIdentifier>{c68a45f9-7f8c-4437-b669-8f79f4cecafb}</UniqueIdentifier>
    </Filter>
    <Filter Include="Header Files\FileManager">
      <UniqueIdentifier>{7da45929-5f35-4110-8864-4b2a4c1a44bc}</UniqueIdentifier>
    </Filter>
  </ItemGroup>
  <ItemGroup>
    <ClCompile Include="main.cpp">
      <Filter>Source Files</Filter>
    </ClCompile>
    <ClCompile Include="Cell.cpp">
      <Filter>Header Files\Map\Grid</Filter>
    </ClCompile>
    <ClCompile Include="Grid.cpp">
      <Filter>Header Files\Map\Grid</Filter>
    </ClCompile>
    <ClCompile Include="MovementComponent.cpp">
      <Filter>Header Files\Components</Filter>
    </ClCompile>
    <ClCompile Include="Button.cpp">
      <Filter>Header Files\GUI</Filter>
    </ClCompile>
    <ClCompile Include="Enemy.cpp">
      <Filter>Header Files\Entities\Enemies</Filter>
    </ClCompile>
    <ClCompile Include="Slider.cpp">
      <Filter>Header Files\GUI</Filter>
    </ClCompile>
    <ClCompile Include="AnimationComponent.cpp">
      <Filter>Header Files\Components</Filter>
    </ClCompile>
    <ClCompile Include="Weapon.cpp">
      <Filter>Header Files\Items\Weapons</Filter>
    </ClCompile>
    <ClCompile Include="BigZombie.cpp">
      <Filter>Header Files\Entities\Enemies</Filter>
    </ClCompile>
    <ClCompile Include="HitboxComponent.cpp">
      <Filter>Header Files\Components</Filter>
    </ClCompile>
    <ClCompile Include="Editor.cpp">
      <Filter>Header Files\Editor</Filter>
    </ClCompile>
    <ClCompile Include="Hero.cpp">
      <Filter>Header Files\Entities\Hero</Filter>
    </ClCompile>
    <ClCompile Include="Character.cpp">
      <Filter>Header Files\Entities</Filter>
    </ClCompile>
    <ClCompile Include="Dungeon.cpp">
      <Filter>Header Files\Map\Dungeon</Filter>
    </ClCompile>
    <ClCompile Include="Object.cpp">
      <Filter>Header Files\Entities</Filter>
    </ClCompile>
    <ClCompile Include="Room.cpp">
      <Filter>Header Files\Map\Rooms</Filter>
    </ClCompile>
    <ClCompile Include="PreLoad.cpp">
      <Filter>Header Files\PreLoad</Filter>
    </ClCompile>
    <ClCompile Include="Item.cpp">
      <Filter>Header Files\Items</Filter>
    </ClCompile>
    <ClCompile Include="HitboxList.cpp">
      <Filter>Header Files\Hitboxes</Filter>
    </ClCompile>
    <ClCompile Include="Game.cpp">
      <Filter>Source Files</Filter>
    </ClCompile>
    <ClCompile Include="Tile.cpp">
      <Filter>Header Files\Entities\Tiles</Filter>
    </ClCompile>
    <ClCompile Include="Wall.cpp">
      <Filter>Header Files\Entities\Tiles\Wall</Filter>
    </ClCompile>
    <ClCompile Include="Floor.cpp">
      <Filter>Header Files\Entities\Tiles\FLoor</Filter>
    </ClCompile>
    <ClCompile Include="InputBox.cpp">
      <Filter>Header Files\GUI</Filter>
    </ClCompile>
    <ClCompile Include="ColisionComponent.cpp">
      <Filter>Header Files\Components</Filter>
    </ClCompile>
    <ClCompile Include="Folder.cpp">
      <Filter>Header Files\GUI</Filter>
    </ClCompile>
    <ClCompile Include="Spawner.cpp">
      <Filter>Header Files\GUI</Filter>
    </ClCompile>
    <ClCompile Include="GUI.cpp">
      <Filter>Header Files\GUI</Filter>
    </ClCompile>
    <ClCompile Include="Demon.cpp">
      <Filter>Header Files\Entities\Enemies</Filter>
    </ClCompile>
    <ClCompile Include="Skelet.cpp">
      <Filter>Header Files\Entities\Enemies</Filter>
    </ClCompile>
    <ClCompile Include="FileManager.cpp">
      <Filter>Header Files\FileManager</Filter>
    </ClCompile>
    <ClCompile Include="RoomLoader.cpp">
      <Filter>Header Files\GUI</Filter>
    </ClCompile>
  </ItemGroup>
  <ItemGroup>
    <ClInclude Include="Character.h">
      <Filter>Header Files\Entities</Filter>
    </ClInclude>
    <ClInclude Include="Object.h">
      <Filter>Header Files\Entities</Filter>
    </ClInclude>
    <ClInclude Include="MovementComponent.h">
      <Filter>Header Files\Components</Filter>
    </ClInclude>
    <ClInclude Include="utils.hpp">
      <Filter>Resource Files</Filter>
    </ClInclude>
    <ClInclude Include="Room.h">
      <Filter>Header Files\Map\Rooms</Filter>
    </ClInclude>
    <ClInclude Include="Dungeon.h">
      <Filter>Header Files\Map\Dungeon</Filter>
    </ClInclude>
    <ClInclude Include="Graph.h">
      <Filter>Header Files\Algorithms</Filter>
    </ClInclude>
    <ClInclude Include="Enemy.h">
      <Filter>Header Files\Entities\Enemies</Filter>
    </ClInclude>
    <ClInclude Include="AllEnemies.h">
      <Filter>Header Files\Entities\Enemies</Filter>
    </ClInclude>
    <ClInclude Include="BigZombie.h">
      <Filter>Header Files\Entities\Enemies</Filter>
    </ClInclude>
    <ClInclude Include="HitboxComponent.h">
      <Filter>Header Files\Components</Filter>
    </ClInclude>
    <ClInclude Include="AnimationComponent.h">
      <Filter>Header Files\Components</Filter>
    </ClInclude>
    <ClInclude Include="Editor.h">
      <Filter>Header Files\Editor</Filter>
    </ClInclude>
    <ClInclude Include="Button.h">
      <Filter>Header Files\GUI</Filter>
    </ClInclude>
    <ClInclude Include="Slider.h">
      <Filter>Header Files\GUI</Filter>
    </ClInclude>
    <ClInclude Include="Weapon.h">
      <Filter>Header Files\Items\Weapons</Filter>
    </ClInclude>
    <ClInclude Include="Cell.h">
      <Filter>Header Files\Map\Grid</Filter>
    </ClInclude>
    <ClInclude Include="Grid.h">
      <Filter>Header Files\Map\Grid</Filter>
    </ClInclude>
    <ClInclude Include="Item.h">
      <Filter>Header Files\Items</Filter>
    </ClInclude>
    <ClInclude Include="Hero.h">
      <Filter>Header Files\Entities\Hero</Filter>
    </ClInclude>
    <ClInclude Include="PreLoad.h">
      <Filter>Header Files\PreLoad</Filter>
    </ClInclude>
    <ClInclude Include="HitboxList.h">
      <Filter>Header Files\Hitboxes</Filter>
    </ClInclude>
    <ClInclude Include="Game.h">
      <Filter>Resource Files</Filter>
    </ClInclude>
    <ClInclude Include="Tile.h">
      <Filter>Header Files\Entities\Tiles</Filter>
    </ClInclude>
    <ClInclude Include="Wall.h">
      <Filter>Header Files\Entities\Tiles\Wall</Filter>
    </ClInclude>
    <ClInclude Include="Floor.h">
      <Filter>Header Files\Entities\Tiles\FLoor</Filter>
    </ClInclude>
    <ClInclude Include="InputBox.h">
      <Filter>Header Files\GUI</Filter>
    </ClInclude>
    <ClInclude Include="ColisionComponent.h">
      <Filter>Header Files\Components</Filter>
    </ClInclude>
    <ClInclude Include="Folder.h">
      <Filter>Header Files\GUI</Filter>
    </ClInclude>
    <ClInclude Include="GUI.h">
      <Filter>Header Files\GUI</Filter>
    </ClInclude>
    <ClInclude Include="Spawner.h">
      <Filter>Header Files\GUI</Filter>
    </ClInclude>
    <ClInclude Include="AllEntities.h">
      <Filter>Header Files\Entities\Enemies</Filter>
    </ClInclude>
    <ClInclude Include="Demon.h">
      <Filter>Header Files\Entities\Enemies</Filter>
    </ClInclude>
    <ClInclude Include="Skelet.h">
      <Filter>Header Files\Entities\Enemies</Filter>
    </ClInclude>
    <ClInclude Include="AllTiles.h">
      <Filter>Header Files\Entities\Tiles</Filter>
    </ClInclude>
    <ClInclude Include="FileManager.h">
      <Filter>Header Files\FileManager</Filter>
    </ClInclude>
    <ClInclude Include="RoomLoader.h">
      <Filter>Header Files\GUI</Filter>
    </ClInclude>
  </ItemGroup>
  <ItemGroup>
    <Text Include="hitboxList.txt">
      <Filter>Header Files\Hitboxes</Filter>
    </Text>
  </ItemGroup>
  <ItemGroup>
    <None Include="README.md">
      <Filter>Source Files</Filter>
    </None>
  </ItemGroup>
</Project>